
Microsoft Visual Studio Solution File, Format Version 12.00
# Visual Studio Version 16
VisualStudioVersion = 16.0.30717.126
MinimumVisualStudioVersion = 10.0.40219.1
Project("{FAE04EC0-301F-11D3-BF4B-00C04F79EFBC}") = "gai", "gai\gai.csproj", "{CCC81624-A5AE-446A-9E35-5C1D2EE6B441}"
EndProject
Global
	GlobalSection(SolutionConfigurationPlatforms) = preSolution
		Debug|Any CPU = Debug|Any CPU
		Release|Any CPU = Release|Any CPU
	EndGlobalSection
	GlobalSection(ProjectConfigurationPlatforms) = postSolution
		{CCC81624-A5AE-446A-9E35-5C1D2EE6B441}.Debug|Any CPU.ActiveCfg = Debug|Any CPU
		{CCC81624-A5AE-446A-9E35-5C1D2EE6B441}.Debug|Any CPU.Build.0 = Debug|Any CPU
		{CCC81624-A5AE-446A-9E35-5C1D2EE6B441}.Release|Any CPU.ActiveCfg = Release|Any CPU
		{CCC81624-A5AE-446A-9E35-5C1D2EE6B441}.Release|Any CPU.Build.0 = Release|Any CPU
	EndGlobalSection
	GlobalSection(SolutionProperties) = preSolution
		HideSolutionNode = FALSE
	EndGlobalSection
	GlobalSection(ExtensibilityGlobals) = postSolution
		SolutionGuid = {7CE2E859-34D7-430D-A6DA-EEF192140C45}
	EndGlobalSection
EndGlobal
